github.com/davecgh/go-spew v1.1.0/go.mod h1:J7Y8YcW2NihsgmVo/mv3lAwl/skON4iLHjSsI+c5H38=
github.com/davecgh/go-spew v1.1.1 h1:vj9j/u1bqnvCEfJOwUhtlOARqs3+rkHYY13jYWTU97c=
github.com/davecgh/go-spew v1.1.1/go.mod h1:J7Y8YcW2NihsgmVo/mv3lAwl/skON4iLHjSsI+c5H38=
github.com/frankban/quicktest v1.10.2 h1:19ARM85nVi4xH7xPXuc5eM/udya5ieh7b/Sv+d844Tk=
github.com/frankban/quicktest v1.10.2/go.mod h1:K+q6oSqb0W0Ininfk863uOk1lMy69l/P6txr3mVT54s=
github.com/go-ole/go-ole v1.2.6 h1:/Fpf6oFPoeFik9ty7siob0G6Ke8QvQEuVcuChpwXzpY=
github.com/go-ole/go-ole v1.2.6/go.mod h1:pprOEPIfldk/42T2oK7lQ4v4JSDwmV0As9GaiUsvbm0=
github.com/godbus/dbus/v5 v5.1.0 h1:4KLkAxT3aOY8Li4FRJe/KvhoNFFxo0m6fNuFUO8QJUk=
github.com/godbus/dbus/v5 v5.1.0/go.mod h1:xhWf0FNVPg57R7Z0UbKHbJfkEywrmjJnf7w5xrFpKfA=
github.com/google/go-cmp v0.6.0 h1:ofyhxvXcZhMsU5ulbFiLKl/XBFqE1GSq7atu8tAmTRI=
github.com/google/go-cmp v0.6.0/go.mod h1:17dUlkBOakJ0+DkrSSNjCkIjxS6bF9zb3elmeNGIjoY=
github.com/google/shlex v0.0.0-20191202100458-e7afc7fbc510 h1:El6M4kTTCOh6aBiKaUGG7oYTSPP8MxqL4YI3kZKwcP4=
github.com/google/shlex v0.0.0-20191202100458-e7afc7fbc510/go.mod h1:pupxD2MaaD3pAXIBCelhxNneeOaAeabZDe5s4K6zSpQ=
github.com/itchio/lzma v0.0.0-20190703113020-d3e24e3e3d49 h1:+YrBMf3rkLjkT10zIHyVE4S7ma4hqvfjl6XgnzZwS6o=
github.com/itchio/lzma v0.0.0-20190703113020-d3e24e3e3d49/go.mod h1:avNrevQMli1pYPsz1+HIHMvx95pk6O+6otbWqCZPeZI=
github.com/konsorten/go-windows-terminal-sequences v1.0.1/go.mod h1:T0+1ngSBFLxvqU3pZ+m/2kptfBszLMUkC4ZK/EgS/cQ=
github.com/kr/pretty v0.2.1 h1:Fmg33tUaq4/8ym9TJN1x7sLJnHVwhP33CNkpYV/7rwI=
github.com/kr/pretty v0.2.1/go.mod h1:ipq/a2n7PKx3OHsz4KJII5eveXtPO4qwEXGdVfWzfnI=
github.com/kr/text v0.1.0 h1:45sCR5RtlFHMR4UwH9sdQ5TC8v0qDQCHnXt+kaKSTVE=
github.com/kr/text v0.1.0/go.mod h1:4Jbv+DJW3UT/LiOwJeYQe1efqtUx/iVham/4vfdArNI=
github.com/pmezard/go-difflib v1.0.0 h1:4DBwDE0NGyQoBHbLQYPwSUPoCMWR5BEzIk/f1lZbAQM=
github.com/pmezard/go-difflib v1.0.0/go.mod h1:iKH77koFhYxTK1pcRnkKkqfTogsbg7gZNVY4sRDYZ/4=
github.com/sago35/bluetooth v0.15.1-0.20260720115811-9f140b94656e h1:jMdFOmlwneq7VwCCcxFqRZ9lz1ZiZdGxkGbNQanniOY=
github.com/sago35/bluetooth v0.15.1-0.20260720115811-9f140b94656e/go.mod h1:meayNB+9rC1igTUNmNU7KftlSEzrFHe37rBSQZjHN8Y=
github.com/saltosystems/winrt-go v0.0.0-20260317170058-9c2fec580d96 h1:IXxzj3yjfDNXZJ35foY+RpFShqPsZZ81hhCckgfh5PI=
github.com/saltosystems/winrt-go v0.0.0-20260317170058-9c2fec580d96/go.mod h1:CIltaIm7qaANUIvzr0Vmz71lmQMAIbGJ7cvgzX7FMfA=
github.com/sirupsen/logrus v1.5.0/go.mod h1:+F7Ogzej0PZc/94MaYx/nvG9jOFMD2osvC3s+Squfpo=
github.com/sirupsen/logrus v1.9.3 h1:dueUQJ1C2q9oE3F7wvmSGAaVtTmUizReu6fjN8uqzbQ=
github.com/sirupsen/logrus v1.9.3/go.mod h1:naHLuLoDiP4jHNo9R0sCBMtWGeIprob74mVsIT4qYEQ=
github.com/soypat/cyw43439 v0.1.0 h1:3Nyqg2LSndhCYgCr2VXuL2nn73vyaJXAnD02veMoLvA=
github.com/soypat/cyw43439 v0.1.0/go.mod h1:R2uSILRwSPmcmmKy5Z0FtK4ypgiPf5YqK+F+IKmXqxc=
github.com/soypat/lneto v0.1.0 h1:VAHCJ33hvC3wDqhM0Vm7w0k6vwNsOCAsQ8XTrXJpS7I=
github.com/soypat/lneto v0.1.0/go.mod h1:g/8Lk+hIsMZydyWDJjK2YfsCuG6jA5mWCO6U+4S7w1U=
github.com/soypat/seqs v0.0.0-20250124201400-0d65bc7c1710 h1:Y9fBuiR/urFY/m76+SAZTxk2xAOS2n85f+H1CugajeA=
github.com/soypat/seqs v0.0.0-20250124201400-0d65bc7c1710/go.mod h1:oCVCNGCHMKoBj97Zp9znLbQ1nHxpkmOY9X+UAGzOxc8=
github.com/stretchr/objx v0.1.0/go.mod h1:HFkY916IF+rwdDfMAkV7OtwuqBVzrE8GR6GFx+wExME=
github.com/stretchr/testify v1.2.2/go.mod h1:a8OnRcib4nhh0OaRAV+Yts87kKdq0PP7pXfy6kDkUVs=
github.com/stretchr/testify v1.7.0/go.mod h1:6Fq8oRcR53rry900zMqJjRRixrwX3KX962/h/Wwjteg=
github.com/stretchr/testify v1.7.5 h1:s5PTfem8p8EbKQOctVV53k6jCJt3UX4IEJzwh+C324Q=
github.com/stretchr/testify v1.7.5/go.mod h1:yNjHg4UonilssWZ8iaSj1OCr/vHnekPRkoO+kdMU+MU=
github.com/tinygo-org/cbgo v0.0.4 h1:3D76CRYbH03Rudi8sEgs/YO0x3JIMdyq8jlQtk/44fU=
github.com/tinygo-org/cbgo v0.0.4/go.mod h1:7+HgWIHd4nbAz0ESjGlJ1/v9LDU1Ox8MGzP9mah/fLk=
github.com/tinygo-org/pio v0.3.0 h1:opEnOtw58KGB4RJD3/n/Rd0/djYGX3DeJiXLI6y/yDI=
github.com/tinygo-org/pio v0.3.0/go.mod h1:wf6c6lKZp+pQOzKKcpzchmRuhiMc27ABRuo7KVnaMFU=
golang.org/x/exp v0.0.0-20250819193227-8b4c13bb791b h1:DXr+pvt3nC887026GRP39Ej11UATqWDmWuS99x26cD0=
golang.org/x/exp v0.0.0-20250819193227-8b4c13bb791b/go.mod h1:4QTo5u+SEIbbKW1RacMZq1YEfOBqeXa19JeshGi+zc4=
golang.org/x/sys v0.0.0-20190422165155-953cdadca894/go.mod h1:h1NjWce9XRLGQEsW7wpKNCjG9DtNlClVuFLEZdDNbEs=
golang.org/x/sys v0.0.0-20190916202348-b4ddaad3f8a3/go.mod h1:h1NjWce9XRLGQEsW7wpKNCjG9DtNlClVuFLEZdDNbEs=
golang.org/x/sys v0.0.0-20220715151400-c0bba94af5f8/go.mod h1:oPkhp1MJrh7nUepCBck5+mAzfO9JrbApNNgaTdGDITg=
golang.org/x/sys v0.11.0 h1:eG7RXZHdqOJ1i+0lgLgCpSXAp6M3LYlAo6osgSi0xOM=
golang.org/x/sys v0.11.0/go.mod h1:oPkhp1MJrh7nUepCBck5+mAzfO9JrbApNNgaTdGDITg=
gopkg.in/check.v1 v0.0.0-20161208181325-20d25e280405/go.mod h1:Co6ibVJAznAaIkqp8huTwlJQCZ016jof/cbN4VW5Yz0=
gopkg.in/yaml.v3 v3.0.0-20200313102051-9f266ea9e77c/go.mod h1:K4uyk7z7BCEPqu6E+C64Yfv1cQ7kz7rIZviUmN+EgEM=
gopkg.in/yaml.v3 v3.0.1 h1:fxVm/GzAzEWqLHuvctI91KS9hhNmmWOoWu0XTYJS7CA=
gopkg.in/yaml.v3 v3.0.1/go.mod h1:K4uyk7z7BCEPqu6E+C64Yfv1cQ7kz7rIZviUmN+EgEM=
tinygo.org/x/drivers v0.35.0 h1:cTK36tsI/S4Mg3hCPH0MBjV/ta7XKQ+wpvch4mVqgsE=
tinygo.org/x/drivers v0.35.0/go.mod h1:DQgKyHkB4G6IEOKVTAjApbKnWGwESN91EVJO+nMOE9Y=
tinygo.org/x/tinydraw v0.4.0 h1:U9V0mHz8/jPShKjlh199vCfq1ARFyUOD1b+FfqIwV8c=
tinygo.org/x/tinydraw v0.4.0/go.mod h1:WCV/EMljTv8w04iAxjv+fRD6/4ffx0afATYeJlN90Yo=
tinygo.org/x/tinyfont v0.6.0 h1:GibXDSFz6xrWnEDkDRo6vsbOyRw0MVj/eza3zNHMSHs=
tinygo.org/x/tinyfont v0.6.0/go.mod h1:onflMSkpWl7r7j4MIqhPEVV39pn7yL4N3MOePl3G+G8=
